{
  "name": "dotkc-openclaw",
  "version": "0.1.4",
  "lockfileVersion": 3,
  "requires": true,
  "packages": {
    "": {
      "name": "dotkc-openclaw",
      "version": "0.1.4",
      "license": "Apache-2.0",
      "dependencies": {
        "@sinclair/typebox": "^0.34.41",
        "dotkc": "^0.3.10"
      }
    },
    "node_modules/@sinclair/typebox": {
      "version": "0.34.48",
      "resolved": "https://registry.npmjs.org/@sinclair/typebox/-/typebox-0.34.48.tgz",
      "integrity": "sha512-kKJTNuK3AQOrgjjotVxMrCn1sUJwM76wMszfq1kdU4uYVJjvEWuFQ6HgvLt4Xz3fSmZlTOxJ/Ie13KnIcWQXFA==",
      "license": "MIT"
    },
    "node_modules/dotenv": {
      "version": "16.6.1",
      "resolved": "https://registry.npmjs.org/dotenv/-/dotenv-16.6.1.tgz",
      "integrity": "sha512-uBq4egWHTcTt33a72vpSG0z3HnPuIl6NqYcTrKEg2azoEyl2hpW0zqlxysq2pK9HlDIHyHyakeYaYnSAwd8bow==",
      "license": "BSD-2-Clause",
      "engines": {
        "node": ">=12"
      },
      "funding": {
        "url": "https://dotenvx.com"
      }
    },
    "node_modules/dotkc": {
      "version": "0.3.10",
      "resolved": "https://registry.npmjs.org/dotkc/-/dotkc-0.3.10.tgz",
      "integrity": "sha512-X9Y0Sg3RuTV+yI3D5qHtu9SmR6Fj4WD4ikXoGLgaHL9h8/q9zXazh1JsBTYsY5KqeWxQQmg+jBnjvAGTyZbaTA==",
      "license": "Apache-2.0",
      "dependencies": {
        "dotenv": "^16.6.1"
      },
      "bin": {
        "dotkc": "bin/dotkc.mjs"
      },
      "engines": {
        "node": ">=18"
      }
    }
  }
}
